
Microsoft Visual Studio Solution File, Format Version 12.00
# Visual Studio Version 17
VisualStudioVersion = 17.0.32112.339
MinimumVisualStudioVersion = 10.0.40219.1
Project("{FAE04EC0-301F-11D3-BF4B-00C04F79EFBC}") = "DelegatesDemo", "DelegatesDemo.csproj", "{1502951B-EC86-4033-946C-F92C1F6A7275}"
EndProject
Global
	GlobalSection(SolutionConfigurationPlatforms) = preSolution
		Debug|Any CPU = Debug|Any CPU
		Release|Any CPU = Release|Any CPU
	EndGlobalSection
	GlobalSection(ProjectConfigurationPlatforms) = postSolution
		{1502951B-EC86-4033-946C-F92C1F6A7275}.Debug|Any CPU.ActiveCfg = Debug|Any CPU
		{1502951B-EC86-4033-946C-F92C1F6A7275}.Debug|Any CPU.Build.0 = Debug|Any CPU
		{1502951B-EC86-4033-946C-F92C1F6A7275}.Release|Any CPU.ActiveCfg = Release|Any CPU
		{1502951B-EC86-4033-946C-F92C1F6A7275}.Release|Any CPU.Build.0 = Release|Any CPU
	EndGlobalSection
	GlobalSection(SolutionProperties) = preSolution
		HideSolutionNode = FALSE
	EndGlobalSection
	GlobalSection(ExtensibilityGlobals) = postSolution
		SolutionGuid = {07DA8C4D-EF86-4312-8EE7-D679DC0FF67E}
	EndGlobalSection
EndGlobal
